dependencies:
- name: datahub-gms
  repository: file://./subcharts/datahub-gms
  version: 0.2.9
- name: datahub-frontend
  repository: file://./subcharts/datahub-frontend
  version: 0.2.9
- name: datahub-mae-consumer
  repository: file://./subcharts/datahub-mae-consumer
  version: 0.2.7
- name: datahub-mce-consumer
  repository: file://./subcharts/datahub-mce-consumer
  version: 0.2.8
- name: datahub-ingestion-cron
  repository: file://./subcharts/datahub-ingestion-cron
  version: 0.2.5
digest: sha256:c20d86db258e327011409f985c2e187e0a334189117282c014943bfc74aa7d76
generated: "2022-10-11T08:18:06.449429+13:00"
